{
  "name": "medium",
  "lockfileVersion": 3,
  "requires": true,
  "packages": {
    "": {
      "dependencies": {
        "hono": "^4.1.4"
      }
    },
    "node_modules/hono": {
      "version": "4.1.4",
      "resolved": "https://registry.npmjs.org/hono/-/hono-4.1.4.tgz",
      "integrity": "sha512-JcdAKRBHjWO5OEkEW6Lv5NUr4QLl4InshCIUnHwGY7hymCxmV1Ji/eAAr1hclQixWc3I7ZljMHXwIedNWRAcqA==",
      "engines": {
        "node": ">=16.0.0"
      }
    }
  }
}
